// !$*UTF8*$!
{
	archiveVersion = 1;
	classes = {
	};
	objectVersion = 56;
	objects = {

/* Begin PBXBuildFile section */
		243C8F782DA3A84D00A1D814 /* RecipesController.swift in Sources */ = {isa = PBXBuildFile; fileRef = 243C8F772DA3A84D00A1D814 /* RecipesController.swift */; };
		2468BBF32DB627FE00A86FC5 /* RecipeManager.swift in Sources */ = {isa = PBXBuildFile; fileRef = 2468BBF22DB627FE00A86FC5 /* RecipeManager.swift */; };
		248E130D2D9D1771005F4D9E /* HomeViewModel.swift in Sources */ = {isa = PBXBuildFile; fileRef = 248E130C2D9D1771005F4D9E /* HomeViewModel.swift */; };
		248E130F2D9D1A6A005F4D9E /* HomeController.swift in Sources */ = {isa = PBXBuildFile; fileRef = 248E130E2D9D1A6A005F4D9E /* HomeController.swift */; };
		248E13132D9D589B005F4D9E /* HomeCell.swift in Sources */ = {isa = PBXBuildFile; fileRef = 248E13122D9D589B005F4D9E /* HomeCell.swift */; };
		248E13192D9E7417005F4D9E /* ImageLabelCell.swift in Sources */ = {isa = PBXBuildFile; fileRef = 248E13182D9E7417005F4D9E /* ImageLabelCell.swift */; };
		248E131B2D9EA113005F4D9E /* CategoryCell.swift in Sources */ = {isa = PBXBuildFile; fileRef = 248E131A2D9EA113005F4D9E /* CategoryCell.swift */; };
		248E131E2D9FF509005F4D9E /* TopCell.swift in Sources */ = {isa = PBXBuildFile; fileRef = 248E131D2D9FF509005F4D9E /* TopCell.swift */; };
		248E13202DA0160A005F4D9E /* HelloCell.swift in Sources */ = {isa = PBXBuildFile; fileRef = 248E131F2DA0160A005F4D9E /* HelloCell.swift */; };
		24A0344E2DAFA308003DF85F /* StartController.swift in Sources */ = {isa = PBXBuildFile; fileRef = 24A0344D2DAFA308003DF85F /* StartController.swift */; };
		24A034BD2DAFAF4F003DF85F /* InterDisplay-Regular.ttf in Resources */ = {isa = PBXBuildFile; fileRef = 24A034B72DAFAF4F003DF85F /* InterDisplay-Regular.ttf */; };
		24A034BE2DAFAF4F003DF85F /* Inter-Thin.ttf in Resources */ = {isa = PBXBuildFile; fileRef = 24A034A82DAFAF4F003DF85F /* Inter-Thin.ttf */; };
		24A034BF2DAFAF4F003DF85F /* Inter-SemiBoldItalic.ttf in Resources */ = {isa = PBXBuildFile; fileRef = 24A034A72DAFAF4F003DF85F /* Inter-SemiBoldItalic.ttf */; };
		24A034C02DAFAF4F003DF85F /* InterDisplay-Italic.ttf in Resources */ = {isa = PBXBuildFile; fileRef = 24A034B22DAFAF4F003DF85F /* InterDisplay-Italic.ttf */; };
		24A034C12DAFAF4F003DF85F /* InterDisplay-Medium.ttf in Resources */ = {isa = PBXBuildFile; fileRef = 24A034B52DAFAF4F003DF85F /* InterDisplay-Medium.ttf */; };
		24A034C22DAFAF4F003DF85F /* Inter-ExtraBoldItalic.ttf in Resources */ = {isa = PBXBuildFile; fileRef = 24A0349D2DAFAF4F003DF85F /* Inter-ExtraBoldItalic.ttf */; };
		24A034C32DAFAF4F003DF85F /* InterDisplay-Black.ttf in Resources */ = {isa = PBXBuildFile; fileRef = 24A034AA2DAFAF4F003DF85F /* InterDisplay-Black.ttf */; };
		24A034C42DAFAF4F003DF85F /* Inter-Italic.ttf in Resources */ = {isa = PBXBuildFile; fileRef = 24A034A02DAFAF4F003DF85F /* Inter-Italic.ttf */; };
		24A034C52DAFAF4F003DF85F /* InterDisplay-Thin.ttf in Resources */ = {isa = PBXBuildFile; fileRef = 24A034BA2DAFAF4F003DF85F /* InterDisplay-Thin.ttf */; };
		24A034C62DAFAF4F003DF85F /* Inter-Bold.ttf in Resources */ = {isa = PBXBuildFile; fileRef = 24A0349A2DAFAF4F003DF85F /* Inter-Bold.ttf */; };
		24A034C72DAFAF4F003DF85F /* InterDisplay-BlackItalic.ttf in Resources */ = {isa = PBXBuildFile; fileRef = 24A034AB2DAFAF4F003DF85F /* InterDisplay-BlackItalic.ttf */; };
		24A034C82DAFAF4F003DF85F /* Inter-ExtraBold.ttf in Resources */ = {isa = PBXBuildFile; fileRef = 24A0349C2DAFAF4F003DF85F /* Inter-ExtraBold.ttf */; };
		24A034C92DAFAF4F003DF85F /* Inter-MediumItalic.ttf in Resources */ = {isa = PBXBuildFile; fileRef = 24A034A42DAFAF4F003DF85F /* Inter-MediumItalic.ttf */; };
		24A034CA2DAFAF4F003DF85F /* Inter-BlackItalic.ttf in Resources */ = {isa = PBXBuildFile; fileRef = 24A034992DAFAF4F003DF85F /* Inter-BlackItalic.ttf */; };
		24A034CB2DAFAF4F003DF85F /* InterDisplay-ExtraLight.ttf in Resources */ = {isa = PBXBuildFile; fileRef = 24A034B02DAFAF4F003DF85F /* InterDisplay-ExtraLight.ttf */; };
		24A034CC2DAFAF4F003DF85F /* InterDisplay-ExtraLightItalic.ttf in Resources */ = {isa = PBXBuildFile; fileRef = 24A034B12DAFAF4F003DF85F /* InterDisplay-ExtraLightItalic.ttf */; };
		24A034CD2DAFAF4F003DF85F /* InterDisplay-MediumItalic.ttf in Resources */ = {isa = PBXBuildFile; fileRef = 24A034B62DAFAF4F003DF85F /* InterDisplay-MediumItalic.ttf */; };
		24A034CE2DAFAF4F003DF85F /* Inter-Regular.ttf in Resources */ = {isa = PBXBuildFile; fileRef = 24A034A52DAFAF4F003DF85F /* Inter-Regular.ttf */; };
		24A034CF2DAFAF4F003DF85F /* Inter-Medium.ttf in Resources */ = {isa = PBXBuildFile; fileRef = 24A034A32DAFAF4F003DF85F /* Inter-Medium.ttf */; };
		24A034D02DAFAF4F003DF85F /* Inter-BoldItalic.ttf in Resources */ = {isa = PBXBuildFile; fileRef = 24A0349B2DAFAF4F003DF85F /* Inter-BoldItalic.ttf */; };
		24A034D12DAFAF4F003DF85F /* Inter-ExtraLightItalic.ttf in Resources */ = {isa = PBXBuildFile; fileRef = 24A0349F2DAFAF4F003DF85F /* Inter-ExtraLightItalic.ttf */; };
		24A034D22DAFAF4F003DF85F /* Inter-ThinItalic.ttf in Resources */ = {isa = PBXBuildFile; fileRef = 24A034A92DAFAF4F003DF85F /* Inter-ThinItalic.ttf */; };
		24A034D32DAFAF4F003DF85F /* Inter-LightItalic.ttf in Resources */ = {isa = PBXBuildFile; fileRef = 24A034A22DAFAF4F003DF85F /* Inter-LightItalic.ttf */; };
		24A034D42DAFAF4F003DF85F /* InterDisplay-ExtraBold.ttf in Resources */ = {isa = PBXBuildFile; fileRef = 24A034AE2DAFAF4F003DF85F /* InterDisplay-ExtraBold.ttf */; };
		24A034D52DAFAF4F003DF85F /* InterDisplay-Bold.ttf in Resources */ = {isa = PBXBuildFile; fileRef = 24A034AC2DAFAF4F003DF85F /* InterDisplay-Bold.ttf */; };
		24A034D62DAFAF4F003DF85F /* Inter-SemiBold.ttf in Resources */ = {isa = PBXBuildFile; fileRef = 24A034A62DAFAF4F003DF85F /* Inter-SemiBold.ttf */; };
		24A034D72DAFAF4F003DF85F /* InterDisplay-SemiBold.ttf in Resources */ = {isa = PBXBuildFile; fileRef = 24A034B82DAFAF4F003DF85F /* InterDisplay-SemiBold.ttf */; };
		24A034D82DAFAF4F003DF85F /* Inter-ExtraLight.ttf in Resources */ = {isa = PBXBuildFile; fileRef = 24A0349E2DAFAF4F003DF85F /* Inter-ExtraLight.ttf */; };
		24A034D92DAFAF4F003DF85F /* InterDisplay-Light.ttf in Resources */ = {isa = PBXBuildFile; fileRef = 24A034B32DAFAF4F003DF85F /* InterDisplay-Light.ttf */; };
		24A034DA2DAFAF4F003DF85F /* Inter-Black.ttf in Resources */ = {isa = PBXBuildFile; fileRef = 24A034982DAFAF4F003DF85F /* Inter-Black.ttf */; };
		24A034DB2DAFAF4F003DF85F /* InterDisplay-ExtraBoldItalic.ttf in Resources */ = {isa = PBXBuildFile; fileRef = 24A034AF2DAFAF4F003DF85F /* InterDisplay-ExtraBoldItalic.ttf */; };
		24A034DC2DAFAF4F003DF85F /* InterDisplay-BoldItalic.ttf in Resources */ = {isa = PBXBuildFile; fileRef = 24A034AD2DAFAF4F003DF85F /* InterDisplay-BoldItalic.ttf */; };
		24A034DD2DAFAF4F003DF85F /* InterDisplay-ThinItalic.ttf in Resources */ = {isa = PBXBuildFile; fileRef = 24A034BB2DAFAF4F003DF85F /* InterDisplay-ThinItalic.ttf */; };
		24A034DE2DAFAF4F003DF85F /* InterDisplay-SemiBoldItalic.ttf in Resources */ = {isa = PBXBuildFile; fileRef = 24A034B92DAFAF4F003DF85F /* InterDisplay-SemiBoldItalic.ttf */; };
		24A034DF2DAFAF4F003DF85F /* InterDisplay-LightItalic.ttf in Resources */ = {isa = PBXBuildFile; fileRef = 24A034B42DAFAF4F003DF85F /* InterDisplay-LightItalic.ttf */; };
		24A034E02DAFAF4F003DF85F /* Inter-Light.ttf in Resources */ = {isa = PBXBuildFile; fileRef = 24A034A12DAFAF4F003DF85F /* Inter-Light.ttf */; };
		24A034E22DAFCEB1003DF85F /* GetStartedController.swift in Sources */ = {isa = PBXBuildFile; fileRef = 24A034E12DAFCEB1003DF85F /* GetStartedController.swift */; };
		24A034E62DAFF1DD003DF85F /* FirstOnboardingController.swift in Sources */ = {isa = PBXBuildFile; fileRef = 24A034E52DAFF1DD003DF85F /* FirstOnboardingController.swift */; };
		24A034E82DAFF75F003DF85F /* SecondOnboardingController.swift in Sources */ = {isa = PBXBuildFile; fileRef = 24A034E72DAFF75F003DF85F /* SecondOnboardingController.swift */; };
		24A034EA2DAFF959003DF85F /* ThirdOnboardingController.swift in Sources */ = {isa = PBXBuildFile; fileRef = 24A034E92DAFF959003DF85F /* ThirdOnboardingController.swift */; };
		24A034EC2DB02821003DF85F /* WelcomeController.swift in Sources */ = {isa = PBXBuildFile; fileRef = 24A034EB2DB02821003DF85F /* WelcomeController.swift */; };
		24A034EE2DB0344F003DF85F /* LoginController.swift in Sources */ = {isa = PBXBuildFile; fileRef = 24A034ED2DB0344F003DF85F /* LoginController.swift */; };
		24A034F02DB03C80003DF85F /* RegisterController.swift in Sources */ = {isa = PBXBuildFile; fileRef = 24A034EF2DB03C80003DF85F /* RegisterController.swift */; };
		24A034F72DB11FB9003DF85F /* KeychainManager.swift in Sources */ = {isa = PBXBuildFile; fileRef = 24A034F62DB11FB9003DF85F /* KeychainManager.swift */; };
		24A034FA2DB11FEE003DF85F /* KeychainAccess in Frameworks */ = {isa = PBXBuildFile; productRef = 24A034F92DB11FEE003DF85F /* KeychainAccess */; };
		24A034FD2DB23151003DF85F /* NetworkHelper.swift in Sources */ = {isa = PBXBuildFile; fileRef = 24A034FC2DB23151003DF85F /* NetworkHelper.swift */; };
		24A035022DB23667003DF85F /* Alamofire in Frameworks */ = {isa = PBXBuildFile; productRef = 24A035012DB23667003DF85F /* Alamofire */; };
		24A035052DB2373A003DF85F /* KeychainAccess in Frameworks */ = {isa = PBXBuildFile; productRef = 24A035042DB2373A003DF85F /* KeychainAccess */; };
		24A0350B2DB245E3003DF85F /* NetworkManager.swift in Sources */ = {isa = PBXBuildFile; fileRef = 24A0350A2DB245E3003DF85F /* NetworkManager.swift */; };
		24A0350D2DB280A9003DF85F /* TokenInterceptor.swift in Sources */ = {isa = PBXBuildFile; fileRef = 24A0350C2DB280A9003DF85F /* TokenInterceptor.swift */; };
		24A035112DB58D38003DF85F /* LoginResponse.swift in Sources */ = {isa = PBXBuildFile; fileRef = 24A035102DB58D38003DF85F /* LoginResponse.swift */; };
		24A035132DB58D62003DF85F /* Auth.swift in Sources */ = {isa = PBXBuildFile; fileRef = 24A035122DB58D62003DF85F /* Auth.swift */; };
		24B9D7952DA3CB7300C9BA66 /* WorkoutsController.swift in Sources */ = {isa = PBXBuildFile; fileRef = 24B9D7942DA3CB7300C9BA66 /* WorkoutsController.swift */; };
		24B9D7972DA3FE0F00C9BA66 /* RecipeCell.swift in Sources */ = {isa = PBXBuildFile; fileRef = 24B9D7962DA3FE0E00C9BA66 /* RecipeCell.swift */; };
		24B9D7992DA405ED00C9BA66 /* WorkoutCell.swift in Sources */ = {isa = PBXBuildFile; fileRef = 24B9D7982DA405ED00C9BA66 /* WorkoutCell.swift */; };
		24B9D79D2DA563FA00C9BA66 /* RecipeDetailController.swift in Sources */ = {isa = PBXBuildFile; fileRef = 24B9D79C2DA563FA00C9BA66 /* RecipeDetailController.swift */; };
		24B9D79F2DA8012200C9BA66 /* IngredientsCell.swift in Sources */ = {isa = PBXBuildFile; fileRef = 24B9D79E2DA8012200C9BA66 /* IngredientsCell.swift */; };
		24B9D7A32DA9303600C9BA66 /* InstructionsCell.swift in Sources */ = {isa = PBXBuildFile; fileRef = 24B9D7A22DA9303600C9BA66 /* InstructionsCell.swift */; };
		24EBF6B42D97226200DE015E /* AppDelegate.swift in Sources */ = {isa = PBXBuildFile; fileRef = 24EBF6B32D97226200DE015E /* AppDelegate.swift */; };
		24EBF6B62D97226200DE015E /* SceneDelegate.swift in Sources */ = {isa = PBXBuildFile; fileRef = 24EBF6B52D97226200DE015E /* SceneDelegate.swift */; };
		24EBF6BB2D97226200DE015E /* Base in Resources */ = {isa = PBXBuildFile; fileRef = 24EBF6BA2D97226200DE015E /* Base */; };
		24EBF6BD2D97226500DE015E /* Assets.xcassets in Resources */ = {isa = PBXBuildFile; fileRef = 24EBF6BC2D97226500DE015E /* Assets.xcassets */; };
		24EBF6C02D97226500DE015E /* Base in Resources */ = {isa = PBXBuildFile; fileRef = 24EBF6BF2D97226500DE015E /* Base */; };
		24EBF6CB2D97226500DE015E /* FitlabTests.swift in Sources */ = {isa = PBXBuildFile; fileRef = 24EBF6CA2D97226500DE015E /* FitlabTests.swift */; };
		24EBF6D52D97226500DE015E /* FitlabUITests.swift in Sources */ = {isa = PBXBuildFile; fileRef = 24EBF6D42D97226500DE015E /* FitlabUITests.swift */; };
		24EBF6D72D97226500DE015E /* FitlabUITestsLaunchTests.swift in Sources */ = {isa = PBXBuildFile; fileRef = 24EBF6D62D97226500DE015E /* FitlabUITestsLaunchTests.swift */; };
/* End PBXBuildFile section */

/* Begin PBXContainerItemProxy section */
		24EBF6C72D97226500DE015E /* PBXContainerItemProxy */ = {
			isa = PBXContainerItemProxy;
			containerPortal = 24EBF6A82D97226200DE015E /* Project object */;
			proxyType = 1;
			remoteGlobalIDString = 24EBF6AF2D97226200DE015E;
			remoteInfo = Fitlab;
		};
		24EBF6D12D97226500DE015E /* PBXContainerItemProxy */ = {
			isa = PBXContainerItemProxy;
			containerPortal = 24EBF6A82D97226200DE015E /* Project object */;
			proxyType = 1;
			remoteGlobalIDString = 24EBF6AF2D97226200DE015E;
			remoteInfo = Fitlab;
		};
/* End PBXContainerItemProxy section */

/* Begin PBXFileReference section */
		243C8F772DA3A84D00A1D814 /* RecipesController.swift */ = {isa = PBXFileReference; lastKnownFileType = sourcecode.swift; path = RecipesController.swift; sourceTree = "<group>"; };
		2468BBF22DB627FE00A86FC5 /* RecipeManager.swift */ = {isa = PBXFileReference; lastKnownFileType = sourcecode.swift; path = RecipeManager.swift; sourceTree = "<group>"; };
		248E130C2D9D1771005F4D9E /* HomeViewModel.swift */ = {isa = PBXFileReference; lastKnownFileType = sourcecode.swift; path = HomeViewModel.swift; sourceTree = "<group>"; };
		248E130E2D9D1A6A005F4D9E /* HomeController.swift */ = {isa = PBXFileReference; lastKnownFileType = sourcecode.swift; path = HomeController.swift; sourceTree = "<group>"; };
		248E13122D9D589B005F4D9E /* HomeCell.swift */ = {isa = PBXFileReference; lastKnownFileType = sourcecode.swift; path = HomeCell.swift; sourceTree = "<group>"; };
		248E13182D9E7417005F4D9E /* ImageLabelCell.swift */ = {isa = PBXFileReference; lastKnownFileType = sourcecode.swift; path = ImageLabelCell.swift; sourceTree = "<group>"; };
		248E131A2D9EA113005F4D9E /* CategoryCell.swift */ = {isa = PBXFileReference; lastKnownFileType = sourcecode.swift; path = CategoryCell.swift; sourceTree = "<group>"; };
		248E131D2D9FF509005F4D9E /* TopCell.swift */ = {isa = PBXFileReference; lastKnownFileType = sourcecode.swift; path = TopCell.swift; sourceTree = "<group>"; };
		248E131F2DA0160A005F4D9E /* HelloCell.swift */ = {isa = PBXFileReference; lastKnownFileType = sourcecode.swift; path = HelloCell.swift; sourceTree = "<group>"; };
		24A0344D2DAFA308003DF85F /* StartController.swift */ = {isa = PBXFileReference; lastKnownFileType = sourcecode.swift; path = StartController.swift; sourceTree = "<group>"; };
		24A034982DAFAF4F003DF85F /* Inter-Black.ttf */ = {isa = PBXFileReference; lastKnownFileType = file; path = "Inter-Black.ttf"; sourceTree = "<group>"; };
		24A034992DAFAF4F003DF85F /* Inter-BlackItalic.ttf */ = {isa = PBXFileReference; lastKnownFileType = file; path = "Inter-BlackItalic.ttf"; sourceTree = "<group>"; };
		24A0349A2DAFAF4F003DF85F /* Inter-Bold.ttf */ = {isa = PBXFileReference; lastKnownFileType = file; path = "Inter-Bold.ttf"; sourceTree = "<group>"; };
		24A0349B2DAFAF4F003DF85F /* Inter-BoldItalic.ttf */ = {isa = PBXFileReference; lastKnownFileType = file; path = "Inter-BoldItalic.ttf"; sourceTree = "<group>"; };
		24A0349C2DAFAF4F003DF85F /* Inter-ExtraBold.ttf */ = {isa = PBXFileReference; lastKnownFileType = file; path = "Inter-ExtraBold.ttf"; sourceTree = "<group>"; };
		24A0349D2DAFAF4F003DF85F /* Inter-ExtraBoldItalic.ttf */ = {isa = PBXFileReference; lastKnownFileType = file; path = "Inter-ExtraBoldItalic.ttf"; sourceTree = "<group>"; };
		24A0349E2DAFAF4F003DF85F /* Inter-ExtraLight.ttf */ = {isa = PBXFileReference; lastKnownFileType = file; path = "Inter-ExtraLight.ttf"; sourceTree = "<group>"; };
		24A0349F2DAFAF4F003DF85F /* Inter-ExtraLightItalic.ttf */ = {isa = PBXFileReference; lastKnownFileType = file; path = "Inter-ExtraLightItalic.ttf"; sourceTree = "<group>"; };
		24A034A02DAFAF4F003DF85F /* Inter-Italic.ttf */ = {isa = PBXFileReference; lastKnownFileType = file; path = "Inter-Italic.ttf"; sourceTree = "<group>"; };
		24A034A12DAFAF4F003DF85F /* Inter-Light.ttf */ = {isa = PBXFileReference; lastKnownFileType = file; path = "Inter-Light.ttf"; sourceTree = "<group>"; };
		24A034A22DAFAF4F003DF85F /* Inter-LightItalic.ttf */ = {isa = PBXFileReference; lastKnownFileType = file; path = "Inter-LightItalic.ttf"; sourceTree = "<group>"; };
		24A034A32DAFAF4F003DF85F /* Inter-Medium.ttf */ = {isa = PBXFileReference; lastKnownFileType = file; path = "Inter-Medium.ttf"; sourceTree = "<group>"; };
		24A034A42DAFAF4F003DF85F /* Inter-MediumItalic.ttf */ = {isa = PBXFileReference; lastKnownFileType = file; path = "Inter-MediumItalic.ttf"; sourceTree = "<group>"; };
		24A034A52DAFAF4F003DF85F /* Inter-Regular.ttf */ = {isa = PBXFileReference; lastKnownFileType = file; path = "Inter-Regular.ttf"; sourceTree = "<group>"; };
		24A034A62DAFAF4F003DF85F /* Inter-SemiBold.ttf */ = {isa = PBXFileReference; lastKnownFileType = file; path = "Inter-SemiBold.ttf"; sourceTree = "<group>"; };
		24A034A72DAFAF4F003DF85F /* Inter-SemiBoldItalic.ttf */ = {isa = PBXFileReference; lastKnownFileType = file; path = "Inter-SemiBoldItalic.ttf"; sourceTree = "<group>"; };
		24A034A82DAFAF4F003DF85F /* Inter-Thin.ttf */ = {isa = PBXFileReference; lastKnownFileType = file; path = "Inter-Thin.ttf"; sourceTree = "<group>"; };
		24A034A92DAFAF4F003DF85F /* Inter-ThinItalic.ttf */ = {isa = PBXFileReference; lastKnownFileType = file; path = "Inter-ThinItalic.ttf"; sourceTree = "<group>"; };
		24A034AA2DAFAF4F003DF85F /* InterDisplay-Black.ttf */ = {isa = PBXFileReference; lastKnownFileType = file; path = "InterDisplay-Black.ttf"; sourceTree = "<group>"; };
		24A034AB2DAFAF4F003DF85F /* InterDisplay-BlackItalic.ttf */ = {isa = PBXFileReference; lastKnownFileType = file; path = "InterDisplay-BlackItalic.ttf"; sourceTree = "<group>"; };
		24A034AC2DAFAF4F003DF85F /* InterDisplay-Bold.ttf */ = {isa = PBXFileReference; lastKnownFileType = file; path = "InterDisplay-Bold.ttf"; sourceTree = "<group>"; };
		24A034AD2DAFAF4F003DF85F /* InterDisplay-BoldItalic.ttf */ = {isa = PBXFileReference; lastKnownFileType = file; path = "InterDisplay-BoldItalic.ttf"; sourceTree = "<group>"; };
		24A034AE2DAFAF4F003DF85F /* InterDisplay-ExtraBold.ttf */ = {isa = PBXFileReference; lastKnownFileType = file; path = "InterDisplay-ExtraBold.ttf"; sourceTree = "<group>"; };
		24A034AF2DAFAF4F003DF85F /* InterDisplay-ExtraBoldItalic.ttf */ = {isa = PBXFileReference; lastKnownFileType = file; path = "InterDisplay-ExtraBoldItalic.ttf"; sourceTree = "<group>"; };
		24A034B02DAFAF4F003DF85F /* InterDisplay-ExtraLight.ttf */ = {isa = PBXFileReference; lastKnownFileType = file; path = "InterDisplay-ExtraLight.ttf"; sourceTree = "<group>"; };
		24A034B12DAFAF4F003DF85F /* InterDisplay-ExtraLightItalic.ttf */ = {isa = PBXFileReference; lastKnownFileType = file; path = "InterDisplay-ExtraLightItalic.ttf"; sourceTree = "<group>"; };
		24A034B22DAFAF4F003DF85F /* InterDisplay-Italic.ttf */ = {isa = PBXFileReference; lastKnownFileType = file; path = "InterDisplay-Italic.ttf"; sourceTree = "<group>"; };
		24A034B32DAFAF4F003DF85F /* InterDisplay-Light.ttf */ = {isa = PBXFileReference; lastKnownFileType = file; path = "InterDisplay-Light.ttf"; sourceTree = "<group>"; };
		24A034B42DAFAF4F003DF85F /* InterDisplay-LightItalic.ttf */ = {isa = PBXFileReference; lastKnownFileType = file; path = "InterDisplay-LightItalic.ttf"; sourceTree = "<group>"; };
		24A034B52DAFAF4F003DF85F /* InterDisplay-Medium.ttf */ = {isa = PBXFileReference; lastKnownFileType = file; path = "InterDisplay-Medium.ttf"; sourceTree = "<group>"; };
		24A034B62DAFAF4F003DF85F /* InterDisplay-MediumItalic.ttf */ = {isa = PBXFileReference; lastKnownFileType = file; path = "InterDisplay-MediumItalic.ttf"; sourceTree = "<group>"; };
		24A034B72DAFAF4F003DF85F /* InterDisplay-Regular.ttf */ = {isa = PBXFileReference; lastKnownFileType = file; path = "InterDisplay-Regular.ttf"; sourceTree = "<group>"; };
		24A034B82DAFAF4F003DF85F /* InterDisplay-SemiBold.ttf */ = {isa = PBXFileReference; lastKnownFileType = file; path = "InterDisplay-SemiBold.ttf"; sourceTree = "<group>"; };
		24A034B92DAFAF4F003DF85F /* InterDisplay-SemiBoldItalic.ttf */ = {isa = PBXFileReference; lastKnownFileType = file; path = "InterDisplay-SemiBoldItalic.ttf"; sourceTree = "<group>"; };
		24A034BA2DAFAF4F003DF85F /* InterDisplay-Thin.ttf */ = {isa = PBXFileReference; lastKnownFileType = file; path = "InterDisplay-Thin.ttf"; sourceTree = "<group>"; };
		24A034BB2DAFAF4F003DF85F /* InterDisplay-ThinItalic.ttf */ = {isa = PBXFileReference; lastKnownFileType = file; path = "InterDisplay-ThinItalic.ttf"; sourceTree = "<group>"; };
		24A034E12DAFCEB1003DF85F /* GetStartedController.swift */ = {isa = PBXFileReference; lastKnownFileType = sourcecode.swift; path = GetStartedController.swift; sourceTree = "<group>"; };
		24A034E52DAFF1DD003DF85F /* FirstOnboardingController.swift */ = {isa = PBXFileReference; lastKnownFileType = sourcecode.swift; path = FirstOnboardingController.swift; sourceTree = "<group>"; };
		24A034E72DAFF75F003DF85F /* SecondOnboardingController.swift */ = {isa = PBXFileReference; lastKnownFileType = sourcecode.swift; path = SecondOnboardingController.swift; sourceTree = "<group>"; };
		24A034E92DAFF959003DF85F /* ThirdOnboardingController.swift */ = {isa = PBXFileReference; lastKnownFileType = sourcecode.swift; path = ThirdOnboardingController.swift; sourceTree = "<group>"; };
		24A034EB2DB02821003DF85F /* WelcomeController.swift */ = {isa = PBXFileReference; lastKnownFileType = sourcecode.swift; path = WelcomeController.swift; sourceTree = "<group>"; };
		24A034ED2DB0344F003DF85F /* LoginController.swift */ = {isa = PBXFileReference; lastKnownFileType = sourcecode.swift; path = LoginController.swift; sourceTree = "<group>"; };
		24A034EF2DB03C80003DF85F /* RegisterController.swift */ = {isa = PBXFileReference; lastKnownFileType = sourcecode.swift; path = RegisterController.swift; sourceTree = "<group>"; };
		24A034F62DB11FB9003DF85F /* KeychainManager.swift */ = {isa = PBXFileReference; lastKnownFileType = sourcecode.swift; path = KeychainManager.swift; sourceTree = "<group>"; };
		24A034FC2DB23151003DF85F /* NetworkHelper.swift */ = {isa = PBXFileReference; lastKnownFileType = sourcecode.swift; path = NetworkHelper.swift; sourceTree = "<group>"; };
		24A0350A2DB245E3003DF85F /* NetworkManager.swift */ = {isa = PBXFileReference; lastKnownFileType = sourcecode.swift; path = NetworkManager.swift; sourceTree = "<group>"; };
		24A0350C2DB280A9003DF85F /* TokenInterceptor.swift */ = {isa = PBXFileReference; lastKnownFileType = sourcecode.swift; path = TokenInterceptor.swift; sourceTree = "<group>"; };
		24A035102DB58D38003DF85F /* LoginResponse.swift */ = {isa = PBXFileReference; lastKnownFileType = sourcecode.swift; path = LoginResponse.swift; sourceTree = "<group>"; };
		24A035122DB58D62003DF85F /* Auth.swift */ = {isa = PBXFileReference; lastKnownFileType = sourcecode.swift; path = Auth.swift; sourceTree = "<group>"; };
		24B9D7942DA3CB7300C9BA66 /* WorkoutsController.swift */ = {isa = PBXFileReference; lastKnownFileType = sourcecode.swift; path = WorkoutsController.swift; sourceTree = "<group>"; };
		24B9D7962DA3FE0E00C9BA66 /* RecipeCell.swift */ = {isa = PBXFileReference; lastKnownFileType = sourcecode.swift; path = RecipeCell.swift; sourceTree = "<group>"; };
		24B9D7982DA405ED00C9BA66 /* WorkoutCell.swift */ = {isa = PBXFileReference; lastKnownFileType = sourcecode.swift; path = WorkoutCell.swift; sourceTree = "<group>"; };
		24B9D79C2DA563FA00C9BA66 /* RecipeDetailController.swift */ = {isa = PBXFileReference; lastKnownFileType = sourcecode.swift; path = RecipeDetailController.swift; sourceTree = "<group>"; };
		24B9D79E2DA8012200C9BA66 /* IngredientsCell.swift */ = {isa = PBXFileReference; lastKnownFileType = sourcecode.swift; path = IngredientsCell.swift; sourceTree = "<group>"; };
		24B9D7A22DA9303600C9BA66 /* InstructionsCell.swift */ = {isa = PBXFileReference; lastKnownFileType = sourcecode.swift; path = InstructionsCell.swift; sourceTree = "<group>"; };
		24EBF6B02D97226200DE015E /* Fitlab.app */ = {isa = PBXFileReference; explicitFileType = wrapper.application; includeInIndex = 0; path = Fitlab.app; sourceTree = BUILT_PRODUCTS_DIR; };
		24EBF6B32D97226200DE015E /* AppDelegate.swift */ = {isa = PBXFileReference; lastKnownFileType = sourcecode.swift; path = AppDelegate.swift; sourceTree = "<group>"; };
		24EBF6B52D97226200DE015E /* SceneDelegate.swift */ = {isa = PBXFileReference; lastKnownFileType = sourcecode.swift; path = SceneDelegate.swift; sourceTree = "<group>"; };
		24EBF6BA2D97226200DE015E /* Base */ = {isa = PBXFileReference; lastKnownFileType = file.storyboard; name = Base; path = Base.lproj/Main.storyboard; sourceTree = "<group>"; };
		24EBF6BC2D97226500DE015E /* Assets.xcassets */ = {isa = PBXFileReference; lastKnownFileType = folder.assetcatalog; path = Assets.xcassets; sourceTree = "<group>"; };
		24EBF6BF2D97226500DE015E /* Base */ = {isa = PBXFileReference; lastKnownFileType = file.storyboard; name = Base; path = Base.lproj/LaunchScreen.storyboard; sourceTree = "<group>"; };
		24EBF6C12D97226500DE015E /* Info.plist */ = {isa = PBXFileReference; lastKnownFileType = text.plist.xml; path = Info.plist; sourceTree = "<group>"; };
		24EBF6C62D97226500DE015E /* FitlabTests.xctest */ = {isa = PBXFileReference; explicitFileType = wrapper.cfbundle; includeInIndex = 0; path = FitlabTests.xctest; sourceTree = BUILT_PRODUCTS_DIR; };
		24EBF6CA2D97226500DE015E /* FitlabTests.swift */ = {isa = PBXFileReference; lastKnownFileType = sourcecode.swift; path = FitlabTests.swift; sourceTree = "<group>"; };
		24EBF6D02D97226500DE015E /* FitlabUITests.xctest */ = {isa = PBXFileReference; explicitFileType = wrapper.cfbundle; includeInIndex = 0; path = FitlabUITests.xctest; sourceTree = BUILT_PRODUCTS_DIR; };
		24EBF6D42D97226500DE015E /* FitlabUITests.swift */ = {isa = PBXFileReference; lastKnownFileType = sourcecode.swift; path = FitlabUITests.swift; sourceTree = "<group>"; };
		24EBF6D62D97226500DE015E /* FitlabUITestsLaunchTests.swift */ = {isa = PBXFileReference; lastKnownFileType = sourcecode.swift; path = FitlabUITestsLaunchTests.swift; sourceTree = "<group>"; };
/* End PBXFileReference section */

/* Begin PBXFrameworksBuildPhase section */
		24EBF6AD2D97226200DE015E /* Frameworks */ = {
			isa = PBXFrameworksBuildPhase;
			buildActionMask = 2147483647;
			files = (
				24A034FA2DB11FEE003DF85F /* KeychainAccess in Frameworks */,
				24A035022DB23667003DF85F /* Alamofire in Frameworks */,
				24A035052DB2373A003DF85F /* KeychainAccess in Frameworks */,
			);
			runOnlyForDeploymentPostprocessing = 0;
		};
		24EBF6C32D97226500DE015E /* Frameworks */ = {
			isa = PBXFrameworksBuildPhase;
			buildActionMask = 2147483647;
			files = (
			);
			runOnlyForDeploymentPostprocessing = 0;
		};
		24EBF6CD2D97226500DE015E /* Frameworks */ = {
			isa = PBXFrameworksBuildPhase;
			buildActionMask = 2147483647;
			files = (
			);
			runOnlyForDeploymentPostprocessing = 0;
		};
/* End PBXFrameworksBuildPhase section */

/* Begin PBXGroup section */
		248E13042D9B2285005F4D9E /* App */ = {
			isa = PBXGroup;
			children = (
				24EBF6B32D97226200DE015E /* AppDelegate.swift */,
				24EBF6B52D97226200DE015E /* SceneDelegate.swift */,
			);
			path = App;
			sourceTree = "<group>";
		};
		248E13052D9B22B6005F4D9E /* Scene */ = {
			isa = PBXGroup;
			children = (
				24A0344D2DAFA308003DF85F /* StartController.swift */,
				24A034E12DAFCEB1003DF85F /* GetStartedController.swift */,
				24A034E52DAFF1DD003DF85F /* FirstOnboardingController.swift */,
				24A034E72DAFF75F003DF85F /* SecondOnboardingController.swift */,
				24A034E92DAFF959003DF85F /* ThirdOnboardingController.swift */,
				24A034EB2DB02821003DF85F /* WelcomeController.swift */,
				24A034ED2DB0344F003DF85F /* LoginController.swift */,
				24A034EF2DB03C80003DF85F /* RegisterController.swift */,
				248E130E2D9D1A6A005F4D9E /* HomeController.swift */,
				248E130C2D9D1771005F4D9E /* HomeViewModel.swift */,
				24B9D7942DA3CB7300C9BA66 /* WorkoutsController.swift */,
				243C8F772DA3A84D00A1D814 /* RecipesController.swift */,
				24B9D79C2DA563FA00C9BA66 /* RecipeDetailController.swift */,
				24A035102DB58D38003DF85F /* LoginResponse.swift */,
				2468BBF22DB627FE00A86FC5 /* RecipeManager.swift */,
				24A035122DB58D62003DF85F /* Auth.swift */,
			);
			path = Scene;
			sourceTree = "<group>";
		};
		248E13062D9B22C2005F4D9E /* Helper */ = {
			isa = PBXGroup;
			children = (
				24A034F62DB11FB9003DF85F /* KeychainManager.swift */,
			);
			path = Helper;
			sourceTree = "<group>";
		};
		248E13072D9B22CC005F4D9E /* Network */ = {
			isa = PBXGroup;
			children = (
				24A034FC2DB23151003DF85F /* NetworkHelper.swift */,
				24A0350C2DB280A9003DF85F /* TokenInterceptor.swift */,
				24A0350A2DB245E3003DF85F /* NetworkManager.swift */,
			);
			path = Network;
			sourceTree = "<group>";
		};
		248E13082D9B22D4005F4D9E /* Reusable */ = {
			isa = PBXGroup;
			children = (
				248E13122D9D589B005F4D9E /* HomeCell.swift */,
				248E131D2D9FF509005F4D9E /* TopCell.swift */,
				248E13182D9E7417005F4D9E /* ImageLabelCell.swift */,
				248E131F2DA0160A005F4D9E /* HelloCell.swift */,
				24B9D7982DA405ED00C9BA66 /* WorkoutCell.swift */,
				24B9D7962DA3FE0E00C9BA66 /* RecipeCell.swift */,
				24B9D79E2DA8012200C9BA66 /* IngredientsCell.swift */,
				24B9D7A22DA9303600C9BA66 /* InstructionsCell.swift */,
				248E131A2D9EA113005F4D9E /* CategoryCell.swift */,
			);
			path = Reusable;
			sourceTree = "<group>";
		};
		248E13092D9B22E5005F4D9E /* Model */ = {
			isa = PBXGroup;
			children = (
			);
			path = Model;
			sourceTree = "<group>";
		};
		24A034BC2DAFAF4F003DF85F /* ttf */ = {
			isa = PBXGroup;
			children = (
				24A034982DAFAF4F003DF85F /* Inter-Black.ttf */,
				24A034992DAFAF4F003DF85F /* Inter-BlackItalic.ttf */,
				24A0349A2DAFAF4F003DF85F /* Inter-Bold.ttf */,
				24A0349B2DAFAF4F003DF85F /* Inter-BoldItalic.ttf */,
				24A0349C2DAFAF4F003DF85F /* Inter-ExtraBold.ttf */,
				24A0349D2DAFAF4F003DF85F /* Inter-ExtraBoldItalic.ttf */,
				24A0349E2DAFAF4F003DF85F /* Inter-ExtraLight.ttf */,
				24A0349F2DAFAF4F003DF85F /* Inter-ExtraLightItalic.ttf */,
				24A034A02DAFAF4F003DF85F /* Inter-Italic.ttf */,
				24A034A12DAFAF4F003DF85F /* Inter-Light.ttf */,
				24A034A22DAFAF4F003DF85F /* Inter-LightItalic.ttf */,
				24A034A32DAFAF4F003DF85F /* Inter-Medium.ttf */,
				24A034A42DAFAF4F003DF85F /* Inter-MediumItalic.ttf */,
				24A034A52DAFAF4F003DF85F /* Inter-Regular.ttf */,
				24A034A62DAFAF4F003DF85F /* Inter-SemiBold.ttf */,
				24A034A72DAFAF4F003DF85F /* Inter-SemiBoldItalic.ttf */,
				24A034A82DAFAF4F003DF85F /* Inter-Thin.ttf */,
				24A034A92DAFAF4F003DF85F /* Inter-ThinItalic.ttf */,
				24A034AA2DAFAF4F003DF85F /* InterDisplay-Black.ttf */,
				24A034AB2DAFAF4F003DF85F /* InterDisplay-BlackItalic.ttf */,
				24A034AC2DAFAF4F003DF85F /* InterDisplay-Bold.ttf */,
				24A034AD2DAFAF4F003DF85F /* InterDisplay-BoldItalic.ttf */,
				24A034AE2DAFAF4F003DF85F /* InterDisplay-ExtraBold.ttf */,
				24A034AF2DAFAF4F003DF85F /* InterDisplay-ExtraBoldItalic.ttf */,
				24A034B02DAFAF4F003DF85F /* InterDisplay-ExtraLight.ttf */,
				24A034B12DAFAF4F003DF85F /* InterDisplay-ExtraLightItalic.ttf */,
				24A034B22DAFAF4F003DF85F /* InterDisplay-Italic.ttf */,
				24A034B32DAFAF4F003DF85F /* InterDisplay-Light.ttf */,
				24A034B42DAFAF4F003DF85F /* InterDisplay-LightItalic.ttf */,
				24A034B52DAFAF4F003DF85F /* InterDisplay-Medium.ttf */,
				24A034B62DAFAF4F003DF85F /* InterDisplay-MediumItalic.ttf */,
				24A034B72DAFAF4F003DF85F /* InterDisplay-Regular.ttf */,
				24A034B82DAFAF4F003DF85F /* InterDisplay-SemiBold.ttf */,
				24A034B92DAFAF4F003DF85F /* InterDisplay-SemiBoldItalic.ttf */,
				24A034BA2DAFAF4F003DF85F /* InterDisplay-Thin.ttf */,
				24A034BB2DAFAF4F003DF85F /* InterDisplay-ThinItalic.ttf */,
			);
			path = ttf;
			sourceTree = "<group>";
		};
		24EBF6A72D97226200DE015E = {
			isa = PBXGroup;
			children = (
				24A034BC2DAFAF4F003DF85F /* ttf */,
				24EBF6B22D97226200DE015E /* Fitlab */,
				24EBF6C92D97226500DE015E /* FitlabTests */,
				24EBF6D32D97226500DE015E /* FitlabUITests */,
				24EBF6B12D97226200DE015E /* Products */,
			);
			sourceTree = "<group>";
		};
		24EBF6B12D97226200DE015E /* Products */ = {
			isa = PBXGroup;
			children = (
				24EBF6B02D97226200DE015E /* Fitlab.app */,
				24EBF6C62D97226500DE015E /* FitlabTests.xctest */,
				24EBF6D02D97226500DE015E /* FitlabUITests.xctest */,
			);
			name = Products;
			sourceTree = "<group>";
		};
		24EBF6B22D97226200DE015E /* Fitlab */ = {
			isa = PBXGroup;
			children = (
				248E13042D9B2285005F4D9E /* App */,
				248E13052D9B22B6005F4D9E /* Scene */,
				248E13062D9B22C2005F4D9E /* Helper */,
				248E13072D9B22CC005F4D9E /* Network */,
				248E13082D9B22D4005F4D9E /* Reusable */,
				248E13092D9B22E5005F4D9E /* Model */,
				24EBF6B92D97226200DE015E /* Main.storyboard */,
				24EBF6BC2D97226500DE015E /* Assets.xcassets */,
				24EBF6BE2D97226500DE015E /* LaunchScreen.storyboard */,
				24EBF6C12D97226500DE015E /* Info.plist */,
			);
			path = Fitlab;
			sourceTree = "<group>";
		};
		24EBF6C92D97226500DE015E /* FitlabTests */ = {
			isa = PBXGroup;
			children = (
				24EBF6CA2D97226500DE015E /* FitlabTests.swift */,
			);
			path = FitlabTests;
			sourceTree = "<group>";
		};
		24EBF6D32D97226500DE015E /* FitlabUITests */ = {
			isa = PBXGroup;
			children = (
				24EBF6D42D97226500DE015E /* FitlabUITests.swift */,
				24EBF6D62D97226500DE015E /* FitlabUITestsLaunchTests.swift */,
			);
			path = FitlabUITests;
			sourceTree = "<group>";
		};
/* End PBXGroup section */

/* Begin PBXNativeTarget section */
		24EBF6AF2D97226200DE015E /* Fitlab */ = {
			isa = PBXNativeTarget;
			buildConfigurationList = 24EBF6DA2D97226500DE015E /* Build configuration list for PBXNativeTarget "Fitlab" */;
			buildPhases = (
				24EBF6AC2D97226200DE015E /* Sources */,
				24EBF6AD2D97226200DE015E /* Frameworks */,
				24EBF6AE2D97226200DE015E /* Resources */,
			);
			buildRules = (
			);
			dependencies = (
			);
			name = Fitlab;
			productName = Fitlab;
			productReference = 24EBF6B02D97226200DE015E /* Fitlab.app */;
			productType = "com.apple.product-type.application";
		};
		24EBF6C52D97226500DE015E /* FitlabTests */ = {
			isa = PBXNativeTarget;
			buildConfigurationList = 24EBF6DD2D97226500DE015E /* Build configuration list for PBXNativeTarget "FitlabTests" */;
			buildPhases = (
				24EBF6C22D97226500DE015E /* Sources */,
				24EBF6C32D97226500DE015E /* Frameworks */,
				24EBF6C42D97226500DE015E /* Resources */,
			);
			buildRules = (
			);
			dependencies = (
				24EBF6C82D97226500DE015E /* PBXTargetDependency */,
			);
			name = FitlabTests;
			productName = FitlabTests;
			productReference = 24EBF6C62D97226500DE015E /* FitlabTests.xctest */;
			productType = "com.apple.product-type.bundle.unit-test";
		};
		24EBF6CF2D97226500DE015E /* FitlabUITests */ = {
			isa = PBXNativeTarget;
			buildConfigurationList = 24EBF6E02D97226500DE015E /* Build configuration list for PBXNativeTarget "FitlabUITests" */;
			buildPhases = (
				24EBF6CC2D97226500DE015E /* Sources */,
				24EBF6CD2D97226500DE015E /* Frameworks */,
				24EBF6CE2D97226500DE015E /* Resources */,
			);
			buildRules = (
			);
			dependencies = (
				24EBF6D22D97226500DE015E /* PBXTargetDependency */,
			);
			name = FitlabUITests;
			productName = FitlabUITests;
			productReference = 24EBF6D02D97226500DE015E /* FitlabUITests.xctest */;
			productType = "com.apple.product-type.bundle.ui-testing";
		};
/* End PBXNativeTarget section */

/* Begin PBXProject section */
		24EBF6A82D97226200DE015E /* Project object */ = {
			isa = PBXProject;
			attributes = {
				BuildIndependentTargetsInParallel = 1;
				LastSwiftUpdateCheck = 1540;
				LastUpgradeCheck = 1540;
				TargetAttributes = {
					24EBF6AF2D97226200DE015E = {
						CreatedOnToolsVersion = 15.4;
					};
					24EBF6C52D97226500DE015E = {
						CreatedOnToolsVersion = 15.4;
						TestTargetID = 24EBF6AF2D97226200DE015E;
					};
					24EBF6CF2D97226500DE015E = {
						CreatedOnToolsVersion = 15.4;
						TestTargetID = 24EBF6AF2D97226200DE015E;
					};
				};
			};
			buildConfigurationList = 24EBF6AB2D97226200DE015E /* Build configuration list for PBXProject "Fitlab" */;
			compatibilityVersion = "Xcode 14.0";
			developmentRegion = en;
			hasScannedForEncodings = 0;
			knownRegions = (
				en,
				Base,
			);
			mainGroup = 24EBF6A72D97226200DE015E;
			packageReferences = (
				24A035002DB23667003DF85F /* XCRemoteSwiftPackageReference "Alamofire" */,
				24A035032DB2373A003DF85F /* XCRemoteSwiftPackageReference "KeychainAccess" */,
			);
			productRefGroup = 24EBF6B12D97226200DE015E /* Products */;
			projectDirPath = "";
			projectRoot = "";
			targets = (
				24EBF6AF2D97226200DE015E /* Fitlab */,
				24EBF6C52D97226500DE015E /* FitlabTests */,
				24EBF6CF2D97226500DE015E /* FitlabUITests */,
			);
		};
/* End PBXProject section */

/* Begin PBXResourcesBuildPhase section */
		24EBF6AE2D97226200DE015E /* Resources */ = {
			isa = PBXResourcesBuildPhase;
			buildActionMask = 2147483647;
			files = (
				24A034BD2DAFAF4F003DF85F /* InterDisplay-Regular.ttf in Resources */,
				24A034BE2DAFAF4F003DF85F /* Inter-Thin.ttf in Resources */,
				24A034BF2DAFAF4F003DF85F /* Inter-SemiBoldItalic.ttf in Resources */,
				24A034C02DAFAF4F003DF85F /* InterDisplay-Italic.ttf in Resources */,
				24A034C12DAFAF4F003DF85F /* InterDisplay-Medium.ttf in Resources */,
				24A034C22DAFAF4F003DF85F /* Inter-ExtraBoldItalic.ttf in Resources */,
				24A034C32DAFAF4F003DF85F /* InterDisplay-Black.ttf in Resources */,
				24A034C42DAFAF4F003DF85F /* Inter-Italic.ttf in Resources */,
				24A034C52DAFAF4F003DF85F /* InterDisplay-Thin.ttf in Resources */,
				24A034C62DAFAF4F003DF85F /* Inter-Bold.ttf in Resources */,
				24A034C72DAFAF4F003DF85F /* InterDisplay-BlackItalic.ttf in Resources */,
				24A034C82DAFAF4F003DF85F /* Inter-ExtraBold.ttf in Resources */,
				24A034C92DAFAF4F003DF85F /* Inter-MediumItalic.ttf in Resources */,
				24A034CA2DAFAF4F003DF85F /* Inter-BlackItalic.ttf in Resources */,
				24A034CB2DAFAF4F003DF85F /* InterDisplay-ExtraLight.ttf in Resources */,
				24A034CC2DAFAF4F003DF85F /* InterDisplay-ExtraLightItalic.ttf in Resources */,
				24A034CD2DAFAF4F003DF85F /* InterDisplay-MediumItalic.ttf in Resources */,
				24A034CE2DAFAF4F003DF85F /* Inter-Regular.ttf in Resources */,
				24A034CF2DAFAF4F003DF85F /* Inter-Medium.ttf in Resources */,
				24A034D02DAFAF4F003DF85F /* Inter-BoldItalic.ttf in Resources */,
				24A034D12DAFAF4F003DF85F /* Inter-ExtraLightItalic.ttf in Resources */,
				24A034D22DAFAF4F003DF85F /* Inter-ThinItalic.ttf in Resources */,
				24A034D32DAFAF4F003DF85F /* Inter-LightItalic.ttf in Resources */,
				24A034D42DAFAF4F003DF85F /* InterDisplay-ExtraBold.ttf in Resources */,
				24A034D52DAFAF4F003DF85F /* InterDisplay-Bold.ttf in Resources */,
				24A034D62DAFAF4F003DF85F /* Inter-SemiBold.ttf in Resources */,
				24A034D72DAFAF4F003DF85F /* InterDisplay-SemiBold.ttf in Resources */,
				24A034D82DAFAF4F003DF85F /* Inter-ExtraLight.ttf in Resources */,
				24A034D92DAFAF4F003DF85F /* InterDisplay-Light.ttf in Resources */,
				24A034DA2DAFAF4F003DF85F /* Inter-Black.ttf in Resources */,
				24A034DB2DAFAF4F003DF85F /* InterDisplay-ExtraBoldItalic.ttf in Resources */,
				24A034DC2DAFAF4F003DF85F /* InterDisplay-BoldItalic.ttf in Resources */,
				24A034DD2DAFAF4F003DF85F /* InterDisplay-ThinItalic.ttf in Resources */,
				24A034DE2DAFAF4F003DF85F /* InterDisplay-SemiBoldItalic.ttf in Resources */,
				24A034DF2DAFAF4F003DF85F /* InterDisplay-LightItalic.ttf in Resources */,
				24A034E02DAFAF4F003DF85F /* Inter-Light.ttf in Resources */,
				24EBF6BD2D97226500DE015E /* Assets.xcassets in Resources */,
				24EBF6C02D97226500DE015E /* Base in Resources */,
				24EBF6BB2D97226200DE015E /* Base in Resources */,
			);
			runOnlyForDeploymentPostprocessing = 0;
		};
		24EBF6C42D97226500DE015E /* Resources */ = {
			isa = PBXResourcesBuildPhase;
			buildActionMask = 2147483647;
			files = (
			);
			runOnlyForDeploymentPostprocessing = 0;
		};
		24EBF6CE2D97226500DE015E /* Resources */ = {
			isa = PBXResourcesBuildPhase;
			buildActionMask = 2147483647;
			files = (
			);
			runOnlyForDeploymentPostprocessing = 0;
		};
/* End PBXResourcesBuildPhase section */

/* Begin PBXSourcesBuildPhase section */
		24EBF6AC2D97226200DE015E /* Sources */ = {
			isa = PBXSourcesBuildPhase;
			buildActionMask = 2147483647;
			files = (
				24A034FD2DB23151003DF85F /* NetworkHelper.swift in Sources */,
				248E130F2D9D1A6A005F4D9E /* HomeController.swift in Sources */,
				24B9D7992DA405ED00C9BA66 /* WorkoutCell.swift in Sources */,
				24A0344E2DAFA308003DF85F /* StartController.swift in Sources */,
				243C8F782DA3A84D00A1D814 /* RecipesController.swift in Sources */,
				24A035132DB58D62003DF85F /* Auth.swift in Sources */,
				2468BBF32DB627FE00A86FC5 /* RecipeManager.swift in Sources */,
				24A034F72DB11FB9003DF85F /* KeychainManager.swift in Sources */,
				24B9D7A32DA9303600C9BA66 /* InstructionsCell.swift in Sources */,
				24A035112DB58D38003DF85F /* LoginResponse.swift in Sources */,
				24EBF6B42D97226200DE015E /* AppDelegate.swift in Sources */,
				24A0350D2DB280A9003DF85F /* TokenInterceptor.swift in Sources */,
				248E13202DA0160A005F4D9E /* HelloCell.swift in Sources */,
				248E131E2D9FF509005F4D9E /* TopCell.swift in Sources */,
				24A034EC2DB02821003DF85F /* WelcomeController.swift in Sources */,
				24EBF6B62D97226200DE015E /* SceneDelegate.swift in Sources */,
				248E131B2D9EA113005F4D9E /* CategoryCell.swift in Sources */,
				24A034EA2DAFF959003DF85F /* ThirdOnboardingController.swift in Sources */,
				248E130D2D9D1771005F4D9E /* HomeViewModel.swift in Sources */,
				24A034EE2DB0344F003DF85F /* LoginController.swift in Sources */,
				248E13132D9D589B005F4D9E /* HomeCell.swift in Sources */,
				24A034F02DB03C80003DF85F /* RegisterController.swift in Sources */,
				24B9D7952DA3CB7300C9BA66 /* WorkoutsController.swift in Sources */,
				24A034E22DAFCEB1003DF85F /* GetStartedController.swift in Sources */,
				24B9D79D2DA563FA00C9BA66 /* RecipeDetailController.swift in Sources */,
				24B9D79F2DA8012200C9BA66 /* IngredientsCell.swift in Sources */,
				248E13192D9E7417005F4D9E /* ImageLabelCell.swift in Sources */,
				24A0350B2DB245E3003DF85F /* NetworkManager.swift in Sources */,
				24A034E62DAFF1DD003DF85F /* FirstOnboardingController.swift in Sources */,
				24B9D7972DA3FE0F00C9BA66 /* RecipeCell.swift in Sources */,
				24A034E82DAFF75F003DF85F /* SecondOnboardingController.swift in Sources */,
			);
			runOnlyForDeploymentPostprocessing = 0;
		};
		24EBF6C22D97226500DE015E /* Sources */ = {
			isa = PBXSourcesBuildPhase;
			buildActionMask = 2147483647;
			files = (
				24EBF6CB2D97226500DE015E /* FitlabTests.swift in Sources */,
			);
			runOnlyForDeploymentPostprocessing = 0;
		};
		24EBF6CC2D97226500DE015E /* Sources */ = {
			isa = PBXSourcesBuildPhase;
			buildActionMask = 2147483647;
			files = (
				24EBF6D72D97226500DE015E /* FitlabUITestsLaunchTests.swift in Sources */,
				24EBF6D52D97226500DE015E /* FitlabUITests.swift in Sources */,
			);
			runOnlyForDeploymentPostprocessing = 0;
		};
/* End PBXSourcesBuildPhase section */

/* Begin PBXTargetDependency section */
		24EBF6C82D97226500DE015E /* PBXTargetDependency */ = {
			isa = PBXTargetDependency;
			target = 24EBF6AF2D97226200DE015E /* Fitlab */;
			targetProxy = 24EBF6C72D97226500DE015E /* PBXContainerItemProxy */;
		};
		24EBF6D22D97226500DE015E /* PBXTargetDependency */ = {
			isa = PBXTargetDependency;
			target = 24EBF6AF2D97226200DE015E /* Fitlab */;
			targetProxy = 24EBF6D12D97226500DE015E /* PBXContainerItemProxy */;
		};
/* End PBXTargetDependency section */

/* Begin PBXVariantGroup section */
		24EBF6B92D97226200DE015E /* Main.storyboard */ = {
			isa = PBXVariantGroup;
			children = (
				24EBF6BA2D97226200DE015E /* Base */,
			);
			name = Main.storyboard;
			sourceTree = "<group>";
		};
		24EBF6BE2D97226500DE015E /* LaunchScreen.storyboard */ = {
			isa = PBXVariantGroup;
			children = (
				24EBF6BF2D97226500DE015E /* Base */,
			);
			name = LaunchScreen.storyboard;
			sourceTree = "<group>";
		};
/* End PBXVariantGroup section */

/* Begin XCBuildConfiguration section */
		24EBF6D82D97226500DE015E /* Debug */ = {
			isa = XCBuildConfiguration;
			buildSettings = {
				ALWAYS_SEARCH_USER_PATHS = NO;
				ASSETCATALOG_COMPILER_GENERATE_SWIFT_ASSET_SYMBOL_EXTENSIONS = YES;
				CLANG_ANALYZER_NONNULL = YES;
				CLANG_ANALYZER_NUMBER_OBJECT_CONVERSION = YES_AGGRESSIVE;
				CLANG_CXX_LANGUAGE_STANDARD = "gnu++20";
				CLANG_ENABLE_MODULES = YES;
				CLANG_ENABLE_OBJC_ARC = YES;
				CLANG_ENABLE_OBJC_WEAK = YES;
				CLANG_WARN_BLOCK_CAPTURE_AUTORELEASING = YES;
				CLANG_WARN_BOOL_CONVERSION = YES;
				CLANG_WARN_COMMA = YES;
				CLANG_WARN_CONSTANT_CONVERSION = YES;
				CLANG_WARN_DEPRECATED_OBJC_IMPLEMENTATIONS = YES;
				CLANG_WARN_DIRECT_OBJC_ISA_USAGE = YES_ERROR;
				CLANG_WARN_DOCUMENTATION_COMMENTS = YES;
				CLANG_WARN_EMPTY_BODY = YES;
				CLANG_WARN_ENUM_CONVERSION = YES;
				CLANG_WARN_INFINITE_RECURSION = YES;
				CLANG_WARN_INT_CONVERSION = YES;
				CLANG_WARN_NON_LITERAL_NULL_CONVERSION = YES;
				CLANG_WARN_OBJC_IMPLICIT_RETAIN_SELF = YES;
				CLANG_WARN_OBJC_LITERAL_CONVERSION = YES;
				CLANG_WARN_OBJC_ROOT_CLASS = YES_ERROR;
				CLANG_WARN_QUOTED_INCLUDE_IN_FRAMEWORK_HEADER = YES;
				CLANG_WARN_RANGE_LOOP_ANALYSIS = YES;
				CLANG_WARN_STRICT_PROTOTYPES = YES;
				CLANG_WARN_SUSPICIOUS_MOVE = YES;
				CLANG_WARN_UNGUARDED_AVAILABILITY = YES_AGGRESSIVE;
				CLANG_WARN_UNREACHABLE_CODE = YES;
				CLANG_WARN__DUPLICATE_METHOD_MATCH = YES;
				COPY_PHASE_STRIP = NO;
				DEBUG_INFORMATION_FORMAT = dwarf;
				ENABLE_STRICT_OBJC_MSGSEND = YES;
				ENABLE_TESTABILITY = YES;
				ENABLE_USER_SCRIPT_SANDBOXING = YES;
				GCC_C_LANGUAGE_STANDARD = gnu17;
				GCC_DYNAMIC_NO_PIC = NO;
				GCC_NO_COMMON_BLOCKS = YES;
				GCC_OPTIMIZATION_LEVEL = 0;
				GCC_PREPROCESSOR_DEFINITIONS = (
					"DEBUG=1",
					"$(inherited)",
				);
				GCC_WARN_64_TO_32_BIT_CONVERSION = YES;
				GCC_WARN_ABOUT_RETURN_TYPE = YES_ERROR;
				GCC_WARN_UNDECLARED_SELECTOR = YES;
				GCC_WARN_UNINITIALIZED_AUTOS = YES_AGGRESSIVE;
				GCC_WARN_UNUSED_FUNCTION = YES;
				GCC_WARN_UNUSED_VARIABLE = YES;
				IPHONEOS_DEPLOYMENT_TARGET = 17.5;
				LOCALIZATION_PREFERS_STRING_CATALOGS = YES;
				MTL_ENABLE_DEBUG_INFO = INCLUDE_SOURCE;
				MTL_FAST_MATH = YES;
				ONLY_ACTIVE_ARCH = YES;
				SDKROOT = iphoneos;
				SWIFT_ACTIVE_COMPILATION_CONDITIONS = "DEBUG $(inherited)";
				SWIFT_OPTIMIZATION_LEVEL = "-Onone";
			};
			name = Debug;
		};
		24EBF6D92D97226500DE015E /* Release */ = {
			isa = XCBuildConfiguration;
			buildSettings = {
				ALWAYS_SEARCH_USER_PATHS = NO;
				ASSETCATALOG_COMPILER_GENERATE_SWIFT_ASSET_SYMBOL_EXTENSIONS = YES;
				CLANG_ANALYZER_NONNULL = YES;
				CLANG_ANALYZER_NUMBER_OBJECT_CONVERSION = YES_AGGRESSIVE;
				CLANG_CXX_LANGUAGE_STANDARD = "gnu++20";
				CLANG_ENABLE_MODULES = YES;
				CLANG_ENABLE_OBJC_ARC = YES;
				CLANG_ENABLE_OBJC_WEAK = YES;
				CLANG_WARN_BLOCK_CAPTURE_AUTORELEASING = YES;
				CLANG_WARN_BOOL_CONVERSION = YES;
				CLANG_WARN_COMMA = YES;
				CLANG_WARN_CONSTANT_CONVERSION = YES;
				CLANG_WARN_DEPRECATED_OBJC_IMPLEMENTATIONS = YES;
				CLANG_WARN_DIRECT_OBJC_ISA_USAGE = YES_ERROR;
				CLANG_WARN_DOCUMENTATION_COMMENTS = YES;
				CLANG_WARN_EMPTY_BODY = YES;
				CLANG_WARN_ENUM_CONVERSION = YES;
				CLANG_WARN_INFINITE_RECURSION = YES;
				CLANG_WARN_INT_CONVERSION = YES;
				CLANG_WARN_NON_LITERAL_NULL_CONVERSION = YES;
				CLANG_WARN_OBJC_IMPLICIT_RETAIN_SELF = YES;
				CLANG_WARN_OBJC_LITERAL_CONVERSION = YES;
				CLANG_WARN_OBJC_ROOT_CLASS = YES_ERROR;
				CLANG_WARN_QUOTED_INCLUDE_IN_FRAMEWORK_HEADER = YES;
				CLANG_WARN_RANGE_LOOP_ANALYSIS = YES;
				CLANG_WARN_STRICT_PROTOTYPES = YES;
				CLANG_WARN_SUSPICIOUS_MOVE = YES;
				CLANG_WARN_UNGUARDED_AVAILABILITY = YES_AGGRESSIVE;
				CLANG_WARN_UNREACHABLE_CODE = YES;
				CLANG_WARN__DUPLICATE_METHOD_MATCH = YES;
				COPY_PHASE_STRIP = NO;
				DEBUG_INFORMATION_FORMAT = "dwarf-with-dsym";
				ENABLE_NS_ASSERTIONS = NO;
				ENABLE_STRICT_OBJC_MSGSEND = YES;
				ENABLE_USER_SCRIPT_SANDBOXING = YES;
				GCC_C_LANGUAGE_STANDARD = gnu17;
				GCC_NO_COMMON_BLOCKS = YES;
				GCC_WARN_64_TO_32_BIT_CONVERSION = YES;
				GCC_WARN_ABOUT_RETURN_TYPE = YES_ERROR;
				GCC_WARN_UNDECLARED_SELECTOR = YES;
				GCC_WARN_UNINITIALIZED_AUTOS = YES_AGGRESSIVE;
				GCC_WARN_UNUSED_FUNCTION = YES;
				GCC_WARN_UNUSED_VARIABLE = YES;
				IPHONEOS_DEPLOYMENT_TARGET = 17.5;
				LOCALIZATION_PREFERS_STRING_CATALOGS = YES;
				MTL_ENABLE_DEBUG_INFO = NO;
				MTL_FAST_MATH = YES;
				SDKROOT = iphoneos;
				SWIFT_COMPILATION_MODE = wholemodule;
				VALIDATE_PRODUCT = YES;
			};
			name = Release;
		};
		24EBF6DB2D97226500DE015E /* Debug */ = {
			isa = XCBuildConfiguration;
			buildSettings = {
				ASSETCATALOG_COMPILER_APPICON_NAME = AppIcon;
				ASSETCATALOG_COMPILER_GLOBAL_ACCENT_COLOR_NAME = AccentColor;
				CODE_SIGN_STYLE = Automatic;
				CURRENT_PROJECT_VERSION = 1;
				GENERATE_INFOPLIST_FILE = YES;
				INFOPLIST_FILE = Fitlab/Info.plist;
				INFOPLIST_KEY_UIApplicationSupportsIndirectInputEvents = YES;
				INFOPLIST_KEY_UILaunchStoryboardName = LaunchScreen;
				INFOPLIST_KEY_UIMainStoryboardFile = Main;
				INFOPLIST_KEY_UISupportedInterfaceOrientations_iPad = "UIInterfaceOrientationPortrait UIInterfaceOrientationPortraitUpsideDown UIInterfaceOrientationLandscapeLeft UIInterfaceOrientationLandscapeRight";
				INFOPLIST_KEY_UISupportedInterfaceOrientations_iPhone = "UIInterfaceOrientationPortrait UIInterfaceOrientationLandscapeLeft UIInterfaceOrientationLandscapeRight";
				IPHONEOS_DEPLOYMENT_TARGET = 16.0;
				LD_RUNPATH_SEARCH_PATHS = (
					"$(inherited)",
					"@executable_path/Frameworks",
				);
				MARKETING_VERSION = 1.0.0;
				PRODUCT_BUNDLE_IDENTIFIER = com.gulkzm.Fitlab;
				PRODUCT_NAME = "$(TARGET_NAME)";
				SUPPORTED_PLATFORMS = "iphoneos iphonesimulator";
				SUPPORTS_MACCATALYST = NO;
				SUPPORTS_MAC_DESIGNED_FOR_IPHONE_IPAD = NO;
				SUPPORTS_XR_DESIGNED_FOR_IPHONE_IPAD = NO;
				SWIFT_EMIT_LOC_STRINGS = YES;
				SWIFT_VERSION = 5.0;
				TARGETED_DEVICE_FAMILY = 1;
				TVOS_DEPLOYMENT_TARGET = 16.0;
			};
			name = Debug;
		};
		24EBF6DC2D97226500DE015E /* Release */ = {
			isa = XCBuildConfiguration;
			buildSettings = {
				ASSETCATALOG_COMPILER_APPICON_NAME = AppIcon;
				ASSETCATALOG_COMPILER_GLOBAL_ACCENT_COLOR_NAME = AccentColor;
				CODE_SIGN_STYLE = Automatic;
				CURRENT_PROJECT_VERSION = 1;
				GENERATE_INFOPLIST_FILE = YES;
				INFOPLIST_FILE = Fitlab/Info.plist;
				INFOPLIST_KEY_UIApplicationSupportsIndirectInputEvents = YES;
				INFOPLIST_KEY_UILaunchStoryboardName = LaunchScreen;
				INFOPLIST_KEY_UIMainStoryboardFile = Main;
				INFOPLIST_KEY_UISupportedInterfaceOrientations_iPad = "UIInterfaceOrientationPortrait UIInterfaceOrientationPortraitUpsideDown UIInterfaceOrientationLandscapeLeft UIInterfaceOrientationLandscapeRight";
				INFOPLIST_KEY_UISupportedInterfaceOrientations_iPhone = "UIInterfaceOrientationPortrait UIInterfaceOrientationLandscapeLeft UIInterfaceOrientationLandscapeRight";
				IPHONEOS_DEPLOYMENT_TARGET = 16.0;
				LD_RUNPATH_SEARCH_PATHS = (
					"$(inherited)",
					"@executable_path/Frameworks",
				);
				MARKETING_VERSION = 1.0.0;
				PRODUCT_BUNDLE_IDENTIFIER = com.gulkzm.Fitlab;
				PRODUCT_NAME = "$(TARGET_NAME)";
				SUPPORTED_PLATFORMS = "iphoneos iphonesimulator";
				SUPPORTS_MACCATALYST = NO;
				SUPPORTS_MAC_DESIGNED_FOR_IPHONE_IPAD = NO;
				SUPPORTS_XR_DESIGNED_FOR_IPHONE_IPAD = NO;
				SWIFT_EMIT_LOC_STRINGS = YES;
				SWIFT_VERSION = 5.0;
				TARGETED_DEVICE_FAMILY = 1;
				TVOS_DEPLOYMENT_TARGET = 16.0;
			};
			name = Release;
		};
		24EBF6DE2D97226500DE015E /* Debug */ = {
			isa = XCBuildConfiguration;
			buildSettings = {
				ALWAYS_EMBED_SWIFT_STANDARD_LIBRARIES = YES;
				BUNDLE_LOADER = "$(TEST_HOST)";
				CODE_SIGN_STYLE = Automatic;
				CURRENT_PROJECT_VERSION = 1;
				GENERATE_INFOPLIST_FILE = YES;
				IPHONEOS_DEPLOYMENT_TARGET = 17.5;
				MARKETING_VERSION = 1.0;
				PRODUCT_BUNDLE_IDENTIFIER = com.gulkzm.FitlabTests;
				PRODUCT_NAME = "$(TARGET_NAME)";
				SWIFT_EMIT_LOC_STRINGS = NO;
				SWIFT_VERSION = 5.0;
				TARGETED_DEVICE_FAMILY = "1,2";
				TEST_HOST = "$(BUILT_PRODUCTS_DIR)/Fitlab.app/$(BUNDLE_EXECUTABLE_FOLDER_PATH)/Fitlab";
			};
			name = Debug;
		};
		24EBF6DF2D97226500DE015E /* Release */ = {
			isa = XCBuildConfiguration;
			buildSettings = {
				ALWAYS_EMBED_SWIFT_STANDARD_LIBRARIES = YES;
				BUNDLE_LOADER = "$(TEST_HOST)";
				CODE_SIGN_STYLE = Automatic;
				CURRENT_PROJECT_VERSION = 1;
				GENERATE_INFOPLIST_FILE = YES;
				IPHONEOS_DEPLOYMENT_TARGET = 17.5;
				MARKETING_VERSION = 1.0;
				PRODUCT_BUNDLE_IDENTIFIER = com.gulkzm.FitlabTests;
				PRODUCT_NAME = "$(TARGET_NAME)";
				SWIFT_EMIT_LOC_STRINGS = NO;
				SWIFT_VERSION = 5.0;
				TARGETED_DEVICE_FAMILY = "1,2";
				TEST_HOST = "$(BUILT_PRODUCTS_DIR)/Fitlab.app/$(BUNDLE_EXECUTABLE_FOLDER_PATH)/Fitlab";
			};
			name = Release;
		};
		24EBF6E12D97226500DE015E /* Debug */ = {
			isa = XCBuildConfiguration;
			buildSettings = {
				ALWAYS_EMBED_SWIFT_STANDARD_LIBRARIES = YES;
				CODE_SIGN_STYLE = Automatic;
				CURRENT_PROJECT_VERSION = 1;
				GENERATE_INFOPLIST_FILE = YES;
				MARKETING_VERSION = 1.0;
				PRODUCT_BUNDLE_IDENTIFIER = com.gulkzm.FitlabUITests;
				PRODUCT_NAME = "$(TARGET_NAME)";
				SWIFT_EMIT_LOC_STRINGS = NO;
				SWIFT_VERSION = 5.0;
				TARGETED_DEVICE_FAMILY = "1,2";
				TEST_TARGET_NAME = Fitlab;
			};
			name = Debug;
		};
		24EBF6E22D97226500DE015E /* Release */ = {
			isa = XCBuildConfiguration;
			buildSettings = {
				ALWAYS_EMBED_SWIFT_STANDARD_LIBRARIES = YES;
				CODE_SIGN_STYLE = Automatic;
				CURRENT_PROJECT_VERSION = 1;
				GENERATE_INFOPLIST_FILE = YES;
				MARKETING_VERSION = 1.0;
				PRODUCT_BUNDLE_IDENTIFIER = com.gulkzm.FitlabUITests;
				PRODUCT_NAME = "$(TARGET_NAME)";
				SWIFT_EMIT_LOC_STRINGS = NO;
				SWIFT_VERSION = 5.0;
				TARGETED_DEVICE_FAMILY = "1,2";
				TEST_TARGET_NAME = Fitlab;
			};
			name = Release;
		};
/* End XCBuildConfiguration section */

/* Begin XCConfigurationList section */
		24EBF6AB2D97226200DE015E /* Build configuration list for PBXProject "Fitlab" */ = {
			isa = XCConfigurationList;
			buildConfigurations = (
				24EBF6D82D97226500DE015E /* Debug */,
				24EBF6D92D97226500DE015E /* Release */,
			);
			defaultConfigurationIsVisible = 0;
			defaultConfigurationName = Release;
		};
		24EBF6DA2D97226500DE015E /* Build configuration list for PBXNativeTarget "Fitlab" */ = {
			isa = XCConfigurationList;
			buildConfigurations = (
				24EBF6DB2D97226500DE015E /* Debug */,
				24EBF6DC2D97226500DE015E /* Release */,
			);
			defaultConfigurationIsVisible = 0;
			defaultConfigurationName = Release;
		};
		24EBF6DD2D97226500DE015E /* Build configuration list for PBXNativeTarget "FitlabTests" */ = {
			isa = XCConfigurationList;
			buildConfigurations = (
				24EBF6DE2D97226500DE015E /* Debug */,
				24EBF6DF2D97226500DE015E /* Release */,
			);
			defaultConfigurationIsVisible = 0;
			defaultConfigurationName = Release;
		};
		24EBF6E02D97226500DE015E /* Build configuration list for PBXNativeTarget "FitlabUITests" */ = {
			isa = XCConfigurationList;
			buildConfigurations = (
				24EBF6E12D97226500DE015E /* Debug */,
				24EBF6E22D97226500DE015E /* Release */,
			);
			defaultConfigurationIsVisible = 0;
			defaultConfigurationName = Release;
		};
/* End XCConfigurationList section */

/* Begin XCRemoteSwiftPackageReference section */
		24A034F82DB11FEE003DF85F /* XCRemoteSwiftPackageReference "KeychainAccess" */ = {
			isa = XCRemoteSwiftPackageReference;
			repositoryURL = "https://github.com/kishikawakatsumi/KeychainAccess";
			requirement = {
				kind = upToNextMajorVersion;
				minimumVersion = 1.0.0;
			};
		};
		24A035002DB23667003DF85F /* XCRemoteSwiftPackageReference "Alamofire" */ = {
			isa = XCRemoteSwiftPackageReference;
			repositoryURL = "https://github.com/Alamofire/Alamofire.git";
			requirement = {
				kind = upToNextMajorVersion;
				minimumVersion = 5.10.2;
			};
		};
		24A035032DB2373A003DF85F /* XCRemoteSwiftPackageReference "KeychainAccess" */ = {
			isa = XCRemoteSwiftPackageReference;
			repositoryURL = "https://github.com/kishikawakatsumi/KeychainAccess";
			requirement = {
				branch = master;
				kind = branch;
			};
		};
/* End XCRemoteSwiftPackageReference section */

/* Begin XCSwiftPackageProductDependency section */
		24A034F92DB11FEE003DF85F /* KeychainAccess */ = {
			isa = XCSwiftPackageProductDependency;
			package = 24A034F82DB11FEE003DF85F /* XCRemoteSwiftPackageReference "KeychainAccess" */;
			productName = KeychainAccess;
		};
		24A035012DB23667003DF85F /* Alamofire */ = {
			isa = XCSwiftPackageProductDependency;
			package = 24A035002DB23667003DF85F /* XCRemoteSwiftPackageReference "Alamofire" */;
			productName = Alamofire;
		};
		24A035042DB2373A003DF85F /* KeychainAccess */ = {
			isa = XCSwiftPackageProductDependency;
			package = 24A035032DB2373A003DF85F /* XCRemoteSwiftPackageReference "KeychainAccess" */;
			productName = KeychainAccess;
		};
/* End XCSwiftPackageProductDependency section */
	};
	rootObject = 24EBF6A82D97226200DE015E /* Project object */;
}
